
Microsoft Visual Studio Solution File, Format Version 12.00
# Visual Studio Version 17
VisualStudioVersion = 17.14.36930.0 d17.14
MinimumVisualStudioVersion = 10.0.40219.1
Project("{FAE04EC0-301F-11D3-BF4B-00C04F79EFBC}") = "TempCleaner", "TempCleaner\TempCleaner.csproj", "{F64F53E1-A49C-4113-BA8A-AFAB3219DA0C}"
EndProject
Global
	GlobalSection(SolutionConfigurationPlatforms) = preSolution
		Debug|Any CPU = Debug|Any CPU
		Release|Any CPU = Release|Any CPU
	EndGlobalSection
	GlobalSection(ProjectConfigurationPlatforms) = postSolution
		{F64F53E1-A49C-4113-BA8A-AFAB3219DA0C}.Debug|Any CPU.ActiveCfg = Debug|Any CPU
		{F64F53E1-A49C-4113-BA8A-AFAB3219DA0C}.Debug|Any CPU.Build.0 = Debug|Any CPU
		{F64F53E1-A49C-4113-BA8A-AFAB3219DA0C}.Release|Any CPU.ActiveCfg = Release|Any CPU
		{F64F53E1-A49C-4113-BA8A-AFAB3219DA0C}.Release|Any CPU.Build.0 = Release|Any CPU
	EndGlobalSection
	GlobalSection(SolutionProperties) = preSolution
		HideSolutionNode = FALSE
	EndGlobalSection
	GlobalSection(ExtensibilityGlobals) = postSolution
		SolutionGuid = {16612CC5-4AF0-4106-A8BF-594D6DE8CA83}
	EndGlobalSection
EndGlobal
